
Microsoft Visual Studio Solution File, Format Version 12.00
# Visual Studio Version 17
VisualStudioVersion = 17.11.35327.3
MinimumVisualStudioVersion = 10.0.40219.1
Project("{9A19103F-16F7-4668-BE54-9A1E7A4F7556}") = "SampleProject", "SampleProject\SampleProject_dotNET.csproj", "{20DD859C-1367-4C71-90E7-7ACD4DD76BAC}"
EndProject
Global
	GlobalSection(SolutionConfigurationPlatforms) = preSolution
		2025|Any CPU = 2025|Any CPU
		2026|Any CPU = 2026|Any CPU
	EndGlobalSection
	GlobalSection(ProjectConfigurationPlatforms) = postSolution
		{20DD859C-1367-4C71-90E7-7ACD4DD76BAC}.2025|Any CPU.ActiveCfg = 2025|Any CPU
		{20DD859C-1367-4C71-90E7-7ACD4DD76BAC}.2025|Any CPU.Build.0 = 2025|Any CPU
		{20DD859C-1367-4C71-90E7-7ACD4DD76BAC}.2026|Any CPU.ActiveCfg = 2026|Any CPU
		{20DD859C-1367-4C71-90E7-7ACD4DD76BAC}.2026|Any CPU.Build.0 = 2026|Any CPU
	EndGlobalSection
	GlobalSection(SolutionProperties) = preSolution
		HideSolutionNode = FALSE
	EndGlobalSection
	GlobalSection(ExtensibilityGlobals) = postSolution
		SolutionGuid = {71B460CB-43CA-4E5C-8A0E-A116DED294EE}
	EndGlobalSection
EndGlobal
